// !$*UTF8*$!
{
	archiveVersion = 1;
	classes = {
	};
	objectVersion = 56;
	objects = {

/* Begin PBXBuildFile section */
		D207D7232C06D24A00555E53 /* RickAndMortyApp.swift in Sources */ = {isa = PBXBuildFile; fileRef = D207D7222C06D24A00555E53 /* RickAndMortyApp.swift */; };
		D207D7252C06D24A00555E53 /* ContentView.swift in Sources */ = {isa = PBXBuildFile; fileRef = D207D7242C06D24A00555E53 /* ContentView.swift */; };
		D207D7272C06D24D00555E53 /* Assets.xcassets in Resources */ = {isa = PBXBuildFile; fileRef = D207D7262C06D24D00555E53 /* Assets.xcassets */; };
		D207D72A2C06D24D00555E53 /* Preview Assets.xcassets in Resources */ = {isa = PBXBuildFile; fileRef = D207D7292C06D24D00555E53 /* Preview Assets.xcassets */; };
		D207D7382C06D38A00555E53 /* Constants.swift in Sources */ = {isa = PBXBuildFile; fileRef = D207D7372C06D38A00555E53 /* Constants.swift */; };
		D207D73A2C06D3D400555E53 /* ApiManager.swift in Sources */ = {isa = PBXBuildFile; fileRef = D207D7392C06D3D400555E53 /* ApiManager.swift */; };
		D207D73C2C06DAA900555E53 /* HTTPError.swift in Sources */ = {isa = PBXBuildFile; fileRef = D207D73B2C06DAA900555E53 /* HTTPError.swift */; };
		D207D73E2C06DB4500555E53 /* CharacterStatus.swift in Sources */ = {isa = PBXBuildFile; fileRef = D207D73D2C06DB4500555E53 /* CharacterStatus.swift */; };
		D207D7402C06DB7800555E53 /* Tabs.swift in Sources */ = {isa = PBXBuildFile; fileRef = D207D73F2C06DB7800555E53 /* Tabs.swift */; };
		D207D7432C06F3B800555E53 /* Character.swift in Sources */ = {isa = PBXBuildFile; fileRef = D207D7422C06F3B800555E53 /* Character.swift */; };
		D207D7452C06F42C00555E53 /* Episode.swift in Sources */ = {isa = PBXBuildFile; fileRef = D207D7442C06F42C00555E53 /* Episode.swift */; };
		D207D7472C06F4D100555E53 /* Location.swift in Sources */ = {isa = PBXBuildFile; fileRef = D207D7462C06F4D100555E53 /* Location.swift */; };
		D207D74A2C06F53900555E53 /* ServerBaseArrayResponse.swift in Sources */ = {isa = PBXBuildFile; fileRef = D207D7492C06F53900555E53 /* ServerBaseArrayResponse.swift */; };
		D207D74C2C06F57200555E53 /* ServerCharactersResponse.swift in Sources */ = {isa = PBXBuildFile; fileRef = D207D74B2C06F57200555E53 /* ServerCharactersResponse.swift */; };
		D207D74E2C06F6D100555E53 /* ServerOriginResponse.swift in Sources */ = {isa = PBXBuildFile; fileRef = D207D74D2C06F6D100555E53 /* ServerOriginResponse.swift */; };
		D207D7502C06F74200555E53 /* ServerLocationResponse.swift in Sources */ = {isa = PBXBuildFile; fileRef = D207D74F2C06F74200555E53 /* ServerLocationResponse.swift */; };
		D207D7522C06F9B900555E53 /* ServerEpisodeResponse.swift in Sources */ = {isa = PBXBuildFile; fileRef = D207D7512C06F9B900555E53 /* ServerEpisodeResponse.swift */; };
		D207D7542C06F9DE00555E53 /* ServerGetLocationResponse.swift in Sources */ = {isa = PBXBuildFile; fileRef = D207D7532C06F9DE00555E53 /* ServerGetLocationResponse.swift */; };
		D207D7562C06FA5400555E53 /* ServerResultsResponse.swift in Sources */ = {isa = PBXBuildFile; fileRef = D207D7552C06FA5400555E53 /* ServerResultsResponse.swift */; };
		D207D7592C06FAB300555E53 /* CapitalizeFirstLetter.swift in Sources */ = {isa = PBXBuildFile; fileRef = D207D7582C06FAB300555E53 /* CapitalizeFirstLetter.swift */; };
		D207D75E2C06FB9400555E53 /* CharacterRemoteDataSource.swift in Sources */ = {isa = PBXBuildFile; fileRef = D207D75D2C06FB9400555E53 /* CharacterRemoteDataSource.swift */; };
		D21DE3932C08464E0033F379 /* EpisodeRepository.swift in Sources */ = {isa = PBXBuildFile; fileRef = D21DE3922C08464E0033F379 /* EpisodeRepository.swift */; };
		D21DE3952C0847920033F379 /* EpisodeRepositoryImpl.swift in Sources */ = {isa = PBXBuildFile; fileRef = D21DE3942C0847920033F379 /* EpisodeRepositoryImpl.swift */; };
		D22DFFEC2C12E15E00BD9E16 /* LocationListViewModel.swift in Sources */ = {isa = PBXBuildFile; fileRef = D22DFFEB2C12E15E00BD9E16 /* LocationListViewModel.swift */; };
		D22DFFEE2C12E29B00BD9E16 /* LocationListView.swift in Sources */ = {isa = PBXBuildFile; fileRef = D22DFFED2C12E29B00BD9E16 /* LocationListView.swift */; };
		D22DFFF12C12EDDD00BD9E16 /* LocationDetailViewModel.swift in Sources */ = {isa = PBXBuildFile; fileRef = D22DFFF02C12EDDD00BD9E16 /* LocationDetailViewModel.swift */; };
		D241763C2C08F9460068567D /* ServerGetEpisodeResponse.swift in Sources */ = {isa = PBXBuildFile; fileRef = D241763B2C08F9450068567D /* ServerGetEpisodeResponse.swift */; };
		D241763E2C0909E10068567D /* LocationRemoteDataSource.swift in Sources */ = {isa = PBXBuildFile; fileRef = D241763D2C0909E10068567D /* LocationRemoteDataSource.swift */; };
		D25895382C0C5BAA005B3176 /* ListHeaderView.swift in Sources */ = {isa = PBXBuildFile; fileRef = D25895372C0C5BAA005B3176 /* ListHeaderView.swift */; };
		D258953B2C0C5C8C005B3176 /* CharacterCellView.swift in Sources */ = {isa = PBXBuildFile; fileRef = D258953A2C0C5C8C005B3176 /* CharacterCellView.swift */; };
		D258953E2C0C6030005B3176 /* EpisodeDetailViewModel.swift in Sources */ = {isa = PBXBuildFile; fileRef = D258953D2C0C6030005B3176 /* EpisodeDetailViewModel.swift */; };
		D2A9C1A02C0D8CBA009BF02E /* EpisodeDetailView.swift in Sources */ = {isa = PBXBuildFile; fileRef = D2A9C19F2C0D8CBA009BF02E /* EpisodeDetailView.swift */; };
		D2D9D1F02C0A8CB900B580C2 /* CharacterDetailUseCase.swift in Sources */ = {isa = PBXBuildFile; fileRef = D2D9D1EF2C0A8CB900B580C2 /* CharacterDetailUseCase.swift */; };
		D2D9D1F22C0A8D4800B580C2 /* EpisodeDetailUseCase.swift in Sources */ = {isa = PBXBuildFile; fileRef = D2D9D1F12C0A8D4800B580C2 /* EpisodeDetailUseCase.swift */; };
		D2D9D1F42C0A8DE800B580C2 /* GetAllCharactersByIdUseCase.swift in Sources */ = {isa = PBXBuildFile; fileRef = D2D9D1F32C0A8DE800B580C2 /* GetAllCharactersByIdUseCase.swift */; };
		D2D9D1F62C0A8E5E00B580C2 /* GetAllCharactersUseCase.swift in Sources */ = {isa = PBXBuildFile; fileRef = D2D9D1F52C0A8E5E00B580C2 /* GetAllCharactersUseCase.swift */; };
		D2D9D1F82C0A8EC100B580C2 /* GetEpisodeUseCase.swift in Sources */ = {isa = PBXBuildFile; fileRef = D2D9D1F72C0A8EC100B580C2 /* GetEpisodeUseCase.swift */; };
		D2D9D1FA2C0A8F1800B580C2 /* GetLocationUseCase.swift in Sources */ = {isa = PBXBuildFile; fileRef = D2D9D1F92C0A8F1800B580C2 /* GetLocationUseCase.swift */; };
		D2D9D1FC2C0A8F7000B580C2 /* LocationDetailUseCase.swift in Sources */ = {isa = PBXBuildFile; fileRef = D2D9D1FB2C0A8F7000B580C2 /* LocationDetailUseCase.swift */; };
		D2D9D2002C0A900800B580C2 /* CharacterDetailView.swift in Sources */ = {isa = PBXBuildFile; fileRef = D2D9D1FF2C0A900800B580C2 /* CharacterDetailView.swift */; };
		D2D9D2022C0A93CE00B580C2 /* CharacterDetailViewModel.swift in Sources */ = {isa = PBXBuildFile; fileRef = D2D9D2012C0A93CE00B580C2 /* CharacterDetailViewModel.swift */; };
		D2D9D2052C0A9A6B00B580C2 /* RenderImage.swift in Sources */ = {isa = PBXBuildFile; fileRef = D2D9D2042C0A9A6B00B580C2 /* RenderImage.swift */; };
		D2D9D2082C0AADD500B580C2 /* ProgressViewView.swift in Sources */ = {isa = PBXBuildFile; fileRef = D2D9D2072C0AADD500B580C2 /* ProgressViewView.swift */; };
		D2D9D20B2C0AB3B300B580C2 /* CharacterDetailItemView.swift in Sources */ = {isa = PBXBuildFile; fileRef = D2D9D20A2C0AB3B300B580C2 /* CharacterDetailItemView.swift */; };
		D2D9E1632C07A48E004934AD /* CharacterRespository.swift in Sources */ = {isa = PBXBuildFile; fileRef = D2D9E1622C07A48E004934AD /* CharacterRespository.swift */; };
		D2D9E1652C07A5CA004934AD /* CharacterRepositoryImpl.swift in Sources */ = {isa = PBXBuildFile; fileRef = D2D9E1642C07A5CA004934AD /* CharacterRepositoryImpl.swift */; };
		D2D9E1672C07B061004934AD /* EpisodeRemoteDataSource.swift in Sources */ = {isa = PBXBuildFile; fileRef = D2D9E1662C07B061004934AD /* EpisodeRemoteDataSource.swift */; };
		D2E356EA2C0AF6D300456812 /* CharacterListViewModel.swift in Sources */ = {isa = PBXBuildFile; fileRef = D2E356E92C0AF6D300456812 /* CharacterListViewModel.swift */; };
		D2E356EC2C0AFBF900456812 /* CharacterListView.swift in Sources */ = {isa = PBXBuildFile; fileRef = D2E356EB2C0AFBF900456812 /* CharacterListView.swift */; };
		D2E8CEA32C0E4D0500B60070 /* LaunchScreen.storyboard in Resources */ = {isa = PBXBuildFile; fileRef = D2E8CEA22C0E4D0500B60070 /* LaunchScreen.storyboard */; };
		D2E8CEA52C0E4F3600B60070 /* OtherDetailItemView.swift in Sources */ = {isa = PBXBuildFile; fileRef = D2E8CEA42C0E4F3600B60070 /* OtherDetailItemView.swift */; };
		D2E8CEAA2C0E549300B60070 /* EpisodeListViewModel.swift in Sources */ = {isa = PBXBuildFile; fileRef = D2E8CEA92C0E549300B60070 /* EpisodeListViewModel.swift */; };
		D2E8CEAC2C0E55CC00B60070 /* EpisodeListView.swift in Sources */ = {isa = PBXBuildFile; fileRef = D2E8CEAB2C0E55CC00B60070 /* EpisodeListView.swift */; };
		D2E8CEAE2C0E58C200B60070 /* OtherCellView.swift in Sources */ = {isa = PBXBuildFile; fileRef = D2E8CEAD2C0E58C200B60070 /* OtherCellView.swift */; };
		D2E8CEB02C0E58DA00B60070 /* OtherCharacterCellView.swift in Sources */ = {isa = PBXBuildFile; fileRef = D2E8CEAF2C0E58DA00B60070 /* OtherCharacterCellView.swift */; };
		D2FBA4702C094C2300C3A66C /* LocationRepository.swift in Sources */ = {isa = PBXBuildFile; fileRef = D2FBA46F2C094C2300C3A66C /* LocationRepository.swift */; };
		D2FBA4722C094C8700C3A66C /* LocationRepositoryImpl.swift in Sources */ = {isa = PBXBuildFile; fileRef = D2FBA4712C094C8700C3A66C /* LocationRepositoryImpl.swift */; };
/* End PBXBuildFile section */

/* Begin PBXFileReference section */
		D207D71F2C06D24A00555E53 /* RickAndMorty.app */ = {isa = PBXFileReference; explicitFileType = wrapper.application; includeInIndex = 0; path = RickAndMorty.app; sourceTree = BUILT_PRODUCTS_DIR; };
		D207D7222C06D24A00555E53 /* RickAndMortyApp.swift */ = {isa = PBXFileReference; lastKnownFileType = sourcecode.swift; path = RickAndMortyApp.swift; sourceTree = "<group>"; };
		D207D7242C06D24A00555E53 /* ContentView.swift */ = {isa = PBXFileReference; lastKnownFileType = sourcecode.swift; path = ContentView.swift; sourceTree = "<group>"; };
		D207D7262C06D24D00555E53 /* Assets.xcassets */ = {isa = PBXFileReference; lastKnownFileType = folder.assetcatalog; path = Assets.xcassets; sourceTree = "<group>"; };
		D207D7292C06D24D00555E53 /* Preview Assets.xcassets */ = {isa = PBXFileReference; lastKnownFileType = folder.assetcatalog; path = "Preview Assets.xcassets"; sourceTree = "<group>"; };
		D207D7372C06D38A00555E53 /* Constants.swift */ = {isa = PBXFileReference; lastKnownFileType = sourcecode.swift; path = Constants.swift; sourceTree = "<group>"; };
		D207D7392C06D3D400555E53 /* ApiManager.swift */ = {isa = PBXFileReference; lastKnownFileType = sourcecode.swift; path = ApiManager.swift; sourceTree = "<group>"; };
		D207D73B2C06DAA900555E53 /* HTTPError.swift */ = {isa = PBXFileReference; lastKnownFileType = sourcecode.swift; path = HTTPError.swift; sourceTree = "<group>"; };
		D207D73D2C06DB4500555E53 /* CharacterStatus.swift */ = {isa = PBXFileReference; lastKnownFileType = sourcecode.swift; path = CharacterStatus.swift; sourceTree = "<group>"; };
		D207D73F2C06DB7800555E53 /* Tabs.swift */ = {isa = PBXFileReference; lastKnownFileType = sourcecode.swift; path = Tabs.swift; sourceTree = "<group>"; };
		D207D7422C06F3B800555E53 /* Character.swift */ = {isa = PBXFileReference; lastKnownFileType = sourcecode.swift; path = Character.swift; sourceTree = "<group>"; };
		D207D7442C06F42C00555E53 /* Episode.swift */ = {isa = PBXFileReference; lastKnownFileType = sourcecode.swift; path = Episode.swift; sourceTree = "<group>"; };
		D207D7462C06F4D100555E53 /* Location.swift */ = {isa = PBXFileReference; lastKnownFileType = sourcecode.swift; path = Location.swift; sourceTree = "<group>"; };
		D207D7492C06F53900555E53 /* ServerBaseArrayResponse.swift */ = {isa = PBXFileReference; lastKnownFileType = sourcecode.swift; path = ServerBaseArrayResponse.swift; sourceTree = "<group>"; };
		D207D74B2C06F57200555E53 /* ServerCharactersResponse.swift */ = {isa = PBXFileReference; lastKnownFileType = sourcecode.swift; path = ServerCharactersResponse.swift; sourceTree = "<group>"; };
		D207D74D2C06F6D100555E53 /* ServerOriginResponse.swift */ = {isa = PBXFileReference; lastKnownFileType = sourcecode.swift; path = ServerOriginResponse.swift; sourceTree = "<group>"; };
		D207D74F2C06F74200555E53 /* ServerLocationResponse.swift */ = {isa = PBXFileReference; lastKnownFileType = sourcecode.swift; path = ServerLocationResponse.swift; sourceTree = "<group>"; };
		D207D7512C06F9B900555E53 /* ServerEpisodeResponse.swift */ = {isa = PBXFileReference; lastKnownFileType = sourcecode.swift; path = ServerEpisodeResponse.swift; sourceTree = "<group>"; };
		D207D7532C06F9DE00555E53 /* ServerGetLocationResponse.swift */ = {isa = PBXFileReference; lastKnownFileType = sourcecode.swift; path = ServerGetLocationResponse.swift; sourceTree = "<group>"; };
		D207D7552C06FA5400555E53 /* ServerResultsResponse.swift */ = {isa = PBXFileReference; lastKnownFileType = sourcecode.swift; path = ServerResultsResponse.swift; sourceTree = "<group>"; };
		D207D7582C06FAB300555E53 /* CapitalizeFirstLetter.swift */ = {isa = PBXFileReference; lastKnownFileType = sourcecode.swift; path = CapitalizeFirstLetter.swift; sourceTree = "<group>"; };
		D207D75D2C06FB9400555E53 /* CharacterRemoteDataSource.swift */ = {isa = PBXFileReference; lastKnownFileType = sourcecode.swift; path = CharacterRemoteDataSource.swift; sourceTree = "<group>"; };
		D21DE3922C08464E0033F379 /* EpisodeRepository.swift */ = {isa = PBXFileReference; lastKnownFileType = sourcecode.swift; path = EpisodeRepository.swift; sourceTree = "<group>"; };
		D21DE3942C0847920033F379 /* EpisodeRepositoryImpl.swift */ = {isa = PBXFileReference; lastKnownFileType = sourcecode.swift; path = EpisodeRepositoryImpl.swift; sourceTree = "<group>"; };
		D22DFFEB2C12E15E00BD9E16 /* LocationListViewModel.swift */ = {isa = PBXFileReference; lastKnownFileType = sourcecode.swift; path = LocationListViewModel.swift; sourceTree = "<group>"; };
		D22DFFED2C12E29B00BD9E16 /* LocationListView.swift */ = {isa = PBXFileReference; lastKnownFileType = sourcecode.swift; path = LocationListView.swift; sourceTree = "<group>"; };
		D22DFFF02C12EDDD00BD9E16 /* LocationDetailViewModel.swift */ = {isa = PBXFileReference; lastKnownFileType = sourcecode.swift; path = LocationDetailViewModel.swift; sourceTree = "<group>"; };
		D241763B2C08F9450068567D /* ServerGetEpisodeResponse.swift */ = {isa = PBXFileReference; lastKnownFileType = sourcecode.swift; path = ServerGetEpisodeResponse.swift; sourceTree = "<group>"; };
		D241763D2C0909E10068567D /* LocationRemoteDataSource.swift */ = {isa = PBXFileReference; lastKnownFileType = sourcecode.swift; path = LocationRemoteDataSource.swift; sourceTree = "<group>"; };
		D25895372C0C5BAA005B3176 /* ListHeaderView.swift */ = {isa = PBXFileReference; lastKnownFileType = sourcecode.swift; path = ListHeaderView.swift; sourceTree = "<group>"; };
		D258953A2C0C5C8C005B3176 /* CharacterCellView.swift */ = {isa = PBXFileReference; lastKnownFileType = sourcecode.swift; path = CharacterCellView.swift; sourceTree = "<group>"; };
		D258953D2C0C6030005B3176 /* EpisodeDetailViewModel.swift */ = {isa = PBXFileReference; lastKnownFileType = sourcecode.swift; path = EpisodeDetailViewModel.swift; sourceTree = "<group>"; };
		D2A9C19F2C0D8CBA009BF02E /* EpisodeDetailView.swift */ = {isa = PBXFileReference; lastKnownFileType = sourcecode.swift; path = EpisodeDetailView.swift; sourceTree = "<group>"; };
		D2D9D1EF2C0A8CB900B580C2 /* CharacterDetailUseCase.swift */ = {isa = PBXFileReference; lastKnownFileType = sourcecode.swift; path = CharacterDetailUseCase.swift; sourceTree = "<group>"; };
		D2D9D1F12C0A8D4800B580C2 /* EpisodeDetailUseCase.swift */ = {isa = PBXFileReference; lastKnownFileType = sourcecode.swift; path = EpisodeDetailUseCase.swift; sourceTree = "<group>"; };
		D2D9D1F32C0A8DE800B580C2 /* GetAllCharactersByIdUseCase.swift */ = {isa = PBXFileReference; lastKnownFileType = sourcecode.swift; path = GetAllCharactersByIdUseCase.swift; sourceTree = "<group>"; };
		D2D9D1F52C0A8E5E00B580C2 /* GetAllCharactersUseCase.swift */ = {isa = PBXFileReference; lastKnownFileType = sourcecode.swift; path = GetAllCharactersUseCase.swift; sourceTree = "<group>"; };
		D2D9D1F72C0A8EC100B580C2 /* GetEpisodeUseCase.swift */ = {isa = PBXFileReference; lastKnownFileType = sourcecode.swift; path = GetEpisodeUseCase.swift; sourceTree = "<group>"; };
		D2D9D1F92C0A8F1800B580C2 /* GetLocationUseCase.swift */ = {isa = PBXFileReference; lastKnownFileType = sourcecode.swift; path = GetLocationUseCase.swift; sourceTree = "<group>"; };
		D2D9D1FB2C0A8F7000B580C2 /* LocationDetailUseCase.swift */ = {isa = PBXFileReference; lastKnownFileType = sourcecode.swift; path = LocationDetailUseCase.swift; sourceTree = "<group>"; };
		D2D9D1FF2C0A900800B580C2 /* CharacterDetailView.swift */ = {isa = PBXFileReference; lastKnownFileType = sourcecode.swift; path = CharacterDetailView.swift; sourceTree = "<group>"; };
		D2D9D2012C0A93CE00B580C2 /* CharacterDetailViewModel.swift */ = {isa = PBXFileReference; lastKnownFileType = sourcecode.swift; path = CharacterDetailViewModel.swift; sourceTree = "<group>"; };
		D2D9D2042C0A9A6B00B580C2 /* RenderImage.swift */ = {isa = PBXFileReference; lastKnownFileType = sourcecode.swift; path = RenderImage.swift; sourceTree = "<group>"; };
		D2D9D2072C0AADD500B580C2 /* ProgressViewView.swift */ = {isa = PBXFileReference; lastKnownFileType = sourcecode.swift; path = ProgressViewView.swift; sourceTree = "<group>"; };
		D2D9D20A2C0AB3B300B580C2 /* CharacterDetailItemView.swift */ = {isa = PBXFileReference; lastKnownFileType = sourcecode.swift; path = CharacterDetailItemView.swift; sourceTree = "<group>"; };
		D2D9E1622C07A48E004934AD /* CharacterRespository.swift */ = {isa = PBXFileReference; lastKnownFileType = sourcecode.swift; path = CharacterRespository.swift; sourceTree = "<group>"; };
		D2D9E1642C07A5CA004934AD /* CharacterRepositoryImpl.swift */ = {isa = PBXFileReference; lastKnownFileType = sourcecode.swift; path = CharacterRepositoryImpl.swift; sourceTree = "<group>"; };
		D2D9E1662C07B061004934AD /* EpisodeRemoteDataSource.swift */ = {isa = PBXFileReference; lastKnownFileType = sourcecode.swift; path = EpisodeRemoteDataSource.swift; sourceTree = "<group>"; };
		D2E356E92C0AF6D300456812 /* CharacterListViewModel.swift */ = {isa = PBXFileReference; lastKnownFileType = sourcecode.swift; path = CharacterListViewModel.swift; sourceTree = "<group>"; };
		D2E356EB2C0AFBF900456812 /* CharacterListView.swift */ = {isa = PBXFileReference; lastKnownFileType = sourcecode.swift; path = CharacterListView.swift; sourceTree = "<group>"; };
		D2E8CEA22C0E4D0500B60070 /* LaunchScreen.storyboard */ = {isa = PBXFileReference; lastKnownFileType = file.storyboard; path = LaunchScreen.storyboard; sourceTree = "<group>"; };
		D2E8CEA42C0E4F3600B60070 /* OtherDetailItemView.swift */ = {isa = PBXFileReference; lastKnownFileType = sourcecode.swift; path = OtherDetailItemView.swift; sourceTree = "<group>"; };
		D2E8CEA92C0E549300B60070 /* EpisodeListViewModel.swift */ = {isa = PBXFileReference; lastKnownFileType = sourcecode.swift; path = EpisodeListViewModel.swift; sourceTree = "<group>"; };
		D2E8CEAB2C0E55CC00B60070 /* EpisodeListView.swift */ = {isa = PBXFileReference; lastKnownFileType = sourcecode.swift; path = EpisodeListView.swift; sourceTree = "<group>"; };
		D2E8CEAD2C0E58C200B60070 /* OtherCellView.swift */ = {isa = PBXFileReference; lastKnownFileType = sourcecode.swift; path = OtherCellView.swift; sourceTree = "<group>"; };
		D2E8CEAF2C0E58DA00B60070 /* OtherCharacterCellView.swift */ = {isa = PBXFileReference; lastKnownFileType = sourcecode.swift; path = OtherCharacterCellView.swift; sourceTree = "<group>"; };
		D2FBA46F2C094C2300C3A66C /* LocationRepository.swift */ = {isa = PBXFileReference; lastKnownFileType = sourcecode.swift; path = LocationRepository.swift; sourceTree = "<group>"; };
		D2FBA4712C094C8700C3A66C /* LocationRepositoryImpl.swift */ = {isa = PBXFileReference; lastKnownFileType = sourcecode.swift; path = LocationRepositoryImpl.swift; sourceTree = "<group>"; };
/* End PBXFileReference section */

/* Begin PBXFrameworksBuildPhase section */
		D207D71C2C06D24A00555E53 /* Frameworks */ = {
			isa = PBXFrameworksBuildPhase;
			buildActionMask = 2147483647;
			files = (
			);
			runOnlyForDeploymentPostprocessing = 0;
		};
/* End PBXFrameworksBuildPhase section */

/* Begin PBXGroup section */
		D207D7162C06D24A00555E53 = {
			isa = PBXGroup;
			children = (
				D207D7212C06D24A00555E53 /* RickAndMorty */,
				D207D7202C06D24A00555E53 /* Products */,
			);
			sourceTree = "<group>";
		};
		D207D7202C06D24A00555E53 /* Products */ = {
			isa = PBXGroup;
			children = (
				D207D71F2C06D24A00555E53 /* RickAndMorty.app */,
			);
			name = Products;
			sourceTree = "<group>";
		};
		D207D7212C06D24A00555E53 /* RickAndMorty */ = {
			isa = PBXGroup;
			children = (
				D207D7372C06D38A00555E53 /* Constants.swift */,
				D207D7242C06D24A00555E53 /* ContentView.swift */,
				D207D7222C06D24A00555E53 /* RickAndMortyApp.swift */,
				D207D7262C06D24D00555E53 /* Assets.xcassets */,
				D207D7302C06D33500555E53 /* API */,
				D207D7312C06D33E00555E53 /* Entities */,
				D207D7322C06D34A00555E53 /* Enumerations */,
				D207D7572C06FA9C00555E53 /* Extensions */,
				D207D7282C06D24D00555E53 /* Preview Content */,
				D207D7332C06D35500555E53 /* Repositories */,
				D207D7352C06D36400555E53 /* Scenes */,
				D207D7342C06D35D00555E53 /* UseCases */,
				D207D7362C06D36F00555E53 /* View */,
			);
			path = RickAndMorty;
			sourceTree = "<group>";
		};
		D207D7282C06D24D00555E53 /* Preview Content */ = {
			isa = PBXGroup;
			children = (
				D207D7292C06D24D00555E53 /* Preview Assets.xcassets */,
			);
			path = "Preview Content";
			sourceTree = "<group>";
		};
		D207D7302C06D33500555E53 /* API */ = {
			isa = PBXGroup;
			children = (
				D207D7392C06D3D400555E53 /* ApiManager.swift */,
			);
			path = API;
			sourceTree = "<group>";
		};
		D207D7312C06D33E00555E53 /* Entities */ = {
			isa = PBXGroup;
			children = (
				D207D7412C06F3A500555E53 /* Entities */,
				D207D7482C06F52300555E53 /* ServerEntities */,
			);
			path = Entities;
			sourceTree = "<group>";
		};
		D207D7322C06D34A00555E53 /* Enumerations */ = {
			isa = PBXGroup;
			children = (
				D207D73D2C06DB4500555E53 /* CharacterStatus.swift */,
				D207D73B2C06DAA900555E53 /* HTTPError.swift */,
				D207D73F2C06DB7800555E53 /* Tabs.swift */,
			);
			path = Enumerations;
			sourceTree = "<group>";
		};
		D207D7332C06D35500555E53 /* Repositories */ = {
			isa = PBXGroup;
			children = (
				D207D75A2C06FB3B00555E53 /* Character */,
				D207D75B2C06FB4200555E53 /* Episode */,
				D207D75C2C06FB4700555E53 /* Location */,
			);
			path = Repositories;
			sourceTree = "<group>";
		};
		D207D7342C06D35D00555E53 /* UseCases */ = {
			isa = PBXGroup;
			children = (
				D2D9D1EF2C0A8CB900B580C2 /* CharacterDetailUseCase.swift */,
				D2D9D1F12C0A8D4800B580C2 /* EpisodeDetailUseCase.swift */,
				D2D9D1F32C0A8DE800B580C2 /* GetAllCharactersByIdUseCase.swift */,
				D2D9D1F52C0A8E5E00B580C2 /* GetAllCharactersUseCase.swift */,
				D2D9D1F72C0A8EC100B580C2 /* GetEpisodeUseCase.swift */,
				D2D9D1F92C0A8F1800B580C2 /* GetLocationUseCase.swift */,
				D2D9D1FB2C0A8F7000B580C2 /* LocationDetailUseCase.swift */,
			);
			path = UseCases;
			sourceTree = "<group>";
		};
		D207D7352C06D36400555E53 /* Scenes */ = {
			isa = PBXGroup;
			children = (
				D2D9D1FD2C0A8FE000B580C2 /* CharacterDetail */,
				D2D9D1FE2C0A8FEF00B580C2 /* CharacterList */,
				D258953C2C0C6018005B3176 /* EpisodeDetail */,
				D2E8CEA62C0E53D400B60070 /* Episodes */,
				D2D9D2092C0AB39300B580C2 /* ItemView */,
				D25895392C0C5C6D005B3176 /* ListViewCells */,
				D22DFFEA2C12E14000BD9E16 /* Location */,
				D22DFFEF2C12EDC200BD9E16 /* LocationDetail */,
			);
			path = Scenes;
			sourceTree = "<group>";
		};
		D207D7362C06D36F00555E53 /* View */ = {
			isa = PBXGroup;
			children = (
				D2D9D2032C0A9A5900B580C2 /* Image */,
				D2E8CE9C2C0E4B0800B60070 /* LaunchScreen */,
				D25895362C0C5B9A005B3176 /* ListHeader */,
				D2D9D2062C0AADC800B580C2 /* Progress */,
			);
			path = View;
			sourceTree = "<group>";
		};
		D207D7412C06F3A500555E53 /* Entities */ = {
			isa = PBXGroup;
			children = (
				D207D7422C06F3B800555E53 /* Character.swift */,
				D207D7442C06F42C00555E53 /* Episode.swift */,
				D207D7462C06F4D100555E53 /* Location.swift */,
			);
			path = Entities;
			sourceTree = "<group>";
		};
		D207D7482C06F52300555E53 /* ServerEntities */ = {
			isa = PBXGroup;
			children = (
				D207D7492C06F53900555E53 /* ServerBaseArrayResponse.swift */,
				D207D74B2C06F57200555E53 /* ServerCharactersResponse.swift */,
				D207D7512C06F9B900555E53 /* ServerEpisodeResponse.swift */,
				D241763B2C08F9450068567D /* ServerGetEpisodeResponse.swift */,
				D207D7532C06F9DE00555E53 /* ServerGetLocationResponse.swift */,
				D207D74F2C06F74200555E53 /* ServerLocationResponse.swift */,
				D207D74D2C06F6D100555E53 /* ServerOriginResponse.swift */,
				D207D7552C06FA5400555E53 /* ServerResultsResponse.swift */,
			);
			path = ServerEntities;
			sourceTree = "<group>";
		};
		D207D7572C06FA9C00555E53 /* Extensions */ = {
			isa = PBXGroup;
			children = (
				D207D7582C06FAB300555E53 /* CapitalizeFirstLetter.swift */,
			);
			path = Extensions;
			sourceTree = "<group>";
		};
		D207D75A2C06FB3B00555E53 /* Character */ = {
			isa = PBXGroup;
			children = (
				D207D75D2C06FB9400555E53 /* CharacterRemoteDataSource.swift */,
				D2D9E1622C07A48E004934AD /* CharacterRespository.swift */,
				D2D9E1642C07A5CA004934AD /* CharacterRepositoryImpl.swift */,
			);
			path = Character;
			sourceTree = "<group>";
		};
		D207D75B2C06FB4200555E53 /* Episode */ = {
			isa = PBXGroup;
			children = (
				D2D9E1662C07B061004934AD /* EpisodeRemoteDataSource.swift */,
				D21DE3922C08464E0033F379 /* EpisodeRepository.swift */,
				D21DE3942C0847920033F379 /* EpisodeRepositoryImpl.swift */,
			);
			path = Episode;
			sourceTree = "<group>";
		};
		D207D75C2C06FB4700555E53 /* Location */ = {
			isa = PBXGroup;
			children = (
				D241763D2C0909E10068567D /* LocationRemoteDataSource.swift */,
				D2FBA46F2C094C2300C3A66C /* LocationRepository.swift */,
				D2FBA4712C094C8700C3A66C /* LocationRepositoryImpl.swift */,
			);
			path = Location;
			sourceTree = "<group>";
		};
		D22DFFEA2C12E14000BD9E16 /* Location */ = {
			isa = PBXGroup;
			children = (
				D22DFFEB2C12E15E00BD9E16 /* LocationListViewModel.swift */,
				D22DFFED2C12E29B00BD9E16 /* LocationListView.swift */,
			);
			path = Location;
			sourceTree = "<group>";
		};
		D22DFFEF2C12EDC200BD9E16 /* LocationDetail */ = {
			isa = PBXGroup;
			children = (
				D22DFFF02C12EDDD00BD9E16 /* LocationDetailViewModel.swift */,
			);
			path = LocationDetail;
			sourceTree = "<group>";
		};
		D25895362C0C5B9A005B3176 /* ListHeader */ = {
			isa = PBXGroup;
			children = (
				D25895372C0C5BAA005B3176 /* ListHeaderView.swift */,
			);
			path = ListHeader;
			sourceTree = "<group>";
		};
		D25895392C0C5C6D005B3176 /* ListViewCells */ = {
			isa = PBXGroup;
			children = (
				D258953A2C0C5C8C005B3176 /* CharacterCellView.swift */,
				D2E8CEAD2C0E58C200B60070 /* OtherCellView.swift */,
				D2E8CEAF2C0E58DA00B60070 /* OtherCharacterCellView.swift */,
			);
			path = ListViewCells;
			sourceTree = "<group>";
		};
		D258953C2C0C6018005B3176 /* EpisodeDetail */ = {
			isa = PBXGroup;
			children = (
				D258953D2C0C6030005B3176 /* EpisodeDetailViewModel.swift */,
				D2A9C19F2C0D8CBA009BF02E /* EpisodeDetailView.swift */,
			);
			path = EpisodeDetail;
			sourceTree = "<group>";
		};
		D2D9D1FD2C0A8FE000B580C2 /* CharacterDetail */ = {
			isa = PBXGroup;
			children = (
				D2D9D1FF2C0A900800B580C2 /* CharacterDetailView.swift */,
				D2D9D2012C0A93CE00B580C2 /* CharacterDetailViewModel.swift */,
			);
			path = CharacterDetail;
			sourceTree = "<group>";
		};
		D2D9D1FE2C0A8FEF00B580C2 /* CharacterList */ = {
			isa = PBXGroup;
			children = (
				D2E356E92C0AF6D300456812 /* CharacterListViewModel.swift */,
				D2E356EB2C0AFBF900456812 /* CharacterListView.swift */,
			);
			path = CharacterList;
			sourceTree = "<group>";
		};
		D2D9D2032C0A9A5900B580C2 /* Image */ = {
			isa = PBXGroup;
			children = (
				D2D9D2042C0A9A6B00B580C2 /* RenderImage.swift */,
			);
			path = Image;
			sourceTree = "<group>";
		};
		D2D9D2062C0AADC800B580C2 /* Progress */ = {
			isa = PBXGroup;
			children = (
				D2D9D2072C0AADD500B580C2 /* ProgressViewView.swift */,
			);
			path = Progress;
			sourceTree = "<group>";
		};
		D2D9D2092C0AB39300B580C2 /* ItemView */ = {
			isa = PBXGroup;
			children = (
				D2D9D20A2C0AB3B300B580C2 /* CharacterDetailItemView.swift */,
				D2E8CEA42C0E4F3600B60070 /* OtherDetailItemView.swift */,
			);
			path = ItemView;
			sourceTree = "<group>";
		};
		D2E8CE9C2C0E4B0800B60070 /* LaunchScreen */ = {
			isa = PBXGroup;
			children = (
				D2E8CEA22C0E4D0500B60070 /* LaunchScreen.storyboard */,
			);
			path = LaunchScreen;
			sourceTree = "<group>";
		};
		D2E8CEA62C0E53D400B60070 /* Episodes */ = {
			isa = PBXGroup;
			children = (
				D2E8CEA92C0E549300B60070 /* EpisodeListViewModel.swift */,
				D2E8CEAB2C0E55CC00B60070 /* EpisodeListView.swift */,
			);
			path = Episodes;
			sourceTree = "<group>";
		};
/* End PBXGroup section */

/* Begin PBXNativeTarget section */
		D207D71E2C06D24A00555E53 /* RickAndMorty */ = {
			isa = PBXNativeTarget;
			buildConfigurationList = D207D72D2C06D24D00555E53 /* Build configuration list for PBXNativeTarget "RickAndMorty" */;
			buildPhases = (
				D207D71B2C06D24A00555E53 /* Sources */,
				D207D71C2C06D24A00555E53 /* Frameworks */,
				D207D71D2C06D24A00555E53 /* Resources */,
			);
			buildRules = (
			);
			dependencies = (
			);
			name = RickAndMorty;
			productName = RickAndMorty;
			productReference = D207D71F2C06D24A00555E53 /* RickAndMorty.app */;
			productType = "com.apple.product-type.application";
		};
/* End PBXNativeTarget section */

/* Begin PBXProject section */
		D207D7172C06D24A00555E53 /* Project object */ = {
			isa = PBXProject;
			attributes = {
				BuildIndependentTargetsInParallel = 1;
				LastSwiftUpdateCheck = 1540;
				LastUpgradeCheck = 1540;
				TargetAttributes = {
					D207D71E2C06D24A00555E53 = {
						CreatedOnToolsVersion = 15.4;
					};
				};
			};
			buildConfigurationList = D207D71A2C06D24A00555E53 /* Build configuration list for PBXProject "RickAndMorty" */;
			compatibilityVersion = "Xcode 14.0";
			developmentRegion = en;
			hasScannedForEncodings = 0;
			knownRegions = (
				en,
				Base,
			);
			mainGroup = D207D7162C06D24A00555E53;
			productRefGroup = D207D7202C06D24A00555E53 /* Products */;
			projectDirPath = "";
			projectRoot = "";
			targets = (
				D207D71E2C06D24A00555E53 /* RickAndMorty */,
			);
		};
/* End PBXProject section */

/* Begin PBXResourcesBuildPhase section */
		D207D71D2C06D24A00555E53 /* Resources */ = {
			isa = PBXResourcesBuildPhase;
			buildActionMask = 2147483647;
			files = (
				D2E8CEA32C0E4D0500B60070 /* LaunchScreen.storyboard in Resources */,
				D207D72A2C06D24D00555E53 /* Preview Assets.xcassets in Resources */,
				D207D7272C06D24D00555E53 /* Assets.xcassets in Resources */,
			);
			runOnlyForDeploymentPostprocessing = 0;
		};
/* End PBXResourcesBuildPhase section */

/* Begin PBXSourcesBuildPhase section */
		D207D71B2C06D24A00555E53 /* Sources */ = {
			isa = PBXSourcesBuildPhase;
			buildActionMask = 2147483647;
			files = (
				D2D9D2082C0AADD500B580C2 /* ProgressViewView.swift in Sources */,
				D2D9D1FC2C0A8F7000B580C2 /* LocationDetailUseCase.swift in Sources */,
				D25895382C0C5BAA005B3176 /* ListHeaderView.swift in Sources */,
				D241763C2C08F9460068567D /* ServerGetEpisodeResponse.swift in Sources */,
				D207D7402C06DB7800555E53 /* Tabs.swift in Sources */,
				D2FBA4722C094C8700C3A66C /* LocationRepositoryImpl.swift in Sources */,
				D2E8CEAA2C0E549300B60070 /* EpisodeListViewModel.swift in Sources */,
				D207D73A2C06D3D400555E53 /* ApiManager.swift in Sources */,
				D207D7472C06F4D100555E53 /* Location.swift in Sources */,
				D207D75E2C06FB9400555E53 /* CharacterRemoteDataSource.swift in Sources */,
				D207D74C2C06F57200555E53 /* ServerCharactersResponse.swift in Sources */,
				D22DFFEC2C12E15E00BD9E16 /* LocationListViewModel.swift in Sources */,
				D2D9D1F02C0A8CB900B580C2 /* CharacterDetailUseCase.swift in Sources */,
				D2D9E1632C07A48E004934AD /* CharacterRespository.swift in Sources */,
				D207D7252C06D24A00555E53 /* ContentView.swift in Sources */,
				D2E356EA2C0AF6D300456812 /* CharacterListViewModel.swift in Sources */,
				D2E8CEAE2C0E58C200B60070 /* OtherCellView.swift in Sources */,
				D258953E2C0C6030005B3176 /* EpisodeDetailViewModel.swift in Sources */,
				D207D7232C06D24A00555E53 /* RickAndMortyApp.swift in Sources */,
				D2E8CEAC2C0E55CC00B60070 /* EpisodeListView.swift in Sources */,
				D2D9D1F82C0A8EC100B580C2 /* GetEpisodeUseCase.swift in Sources */,
				D2D9D2052C0A9A6B00B580C2 /* RenderImage.swift in Sources */,
				D207D73E2C06DB4500555E53 /* CharacterStatus.swift in Sources */,
				D207D74E2C06F6D100555E53 /* ServerOriginResponse.swift in Sources */,
				D241763E2C0909E10068567D /* LocationRemoteDataSource.swift in Sources */,
				D2FBA4702C094C2300C3A66C /* LocationRepository.swift in Sources */,
				D207D7502C06F74200555E53 /* ServerLocationResponse.swift in Sources */,
				D2D9D1F42C0A8DE800B580C2 /* GetAllCharactersByIdUseCase.swift in Sources */,
				D22DFFF12C12EDDD00BD9E16 /* LocationDetailViewModel.swift in Sources */,
				D207D7542C06F9DE00555E53 /* ServerGetLocationResponse.swift in Sources */,
				D207D73C2C06DAA900555E53 /* HTTPError.swift in Sources */,
				D2D9D1F22C0A8D4800B580C2 /* EpisodeDetailUseCase.swift in Sources */,
				D2A9C1A02C0D8CBA009BF02E /* EpisodeDetailView.swift in Sources */,
				D2D9E1652C07A5CA004934AD /* CharacterRepositoryImpl.swift in Sources */,
				D207D7382C06D38A00555E53 /* Constants.swift in Sources */,
				D2D9D20B2C0AB3B300B580C2 /* CharacterDetailItemView.swift in Sources */,
				D207D74A2C06F53900555E53 /* ServerBaseArrayResponse.swift in Sources */,
				D2D9D2022C0A93CE00B580C2 /* CharacterDetailViewModel.swift in Sources */,
				D2E356EC2C0AFBF900456812 /* CharacterListView.swift in Sources */,
				D207D7452C06F42C00555E53 /* Episode.swift in Sources */,
				D21DE3952C0847920033F379 /* EpisodeRepositoryImpl.swift in Sources */,
				D2D9D2002C0A900800B580C2 /* CharacterDetailView.swift in Sources */,
				D207D7562C06FA5400555E53 /* ServerResultsResponse.swift in Sources */,
				D2D9D1F62C0A8E5E00B580C2 /* GetAllCharactersUseCase.swift in Sources */,
				D2E8CEA52C0E4F3600B60070 /* OtherDetailItemView.swift in Sources */,
				D2D9E1672C07B061004934AD /* EpisodeRemoteDataSource.swift in Sources */,
				D2E8CEB02C0E58DA00B60070 /* OtherCharacterCellView.swift in Sources */,
				D258953B2C0C5C8C005B3176 /* CharacterCellView.swift in Sources */,
				D2D9D1FA2C0A8F1800B580C2 /* GetLocationUseCase.swift in Sources */,
				D207D7432C06F3B800555E53 /* Character.swift in Sources */,
				D207D7592C06FAB300555E53 /* CapitalizeFirstLetter.swift in Sources */,
				D21DE3932C08464E0033F379 /* EpisodeRepository.swift in Sources */,
				D207D7522C06F9B900555E53 /* ServerEpisodeResponse.swift in Sources */,
				D22DFFEE2C12E29B00BD9E16 /* LocationListView.swift in Sources */,
			);
			runOnlyForDeploymentPostprocessing = 0;
		};
/* End PBXSourcesBuildPhase section */

/* Begin XCBuildConfiguration section */
		D207D72B2C06D24D00555E53 /* Debug */ = {
			isa = XCBuildConfiguration;
			buildSettings = {
				ALWAYS_SEARCH_USER_PATHS = NO;
				ASSETCATALOG_COMPILER_GENERATE_SWIFT_ASSET_SYMBOL_EXTENSIONS = YES;
				CLANG_ANALYZER_NONNULL = YES;
				CLANG_ANALYZER_NUMBER_OBJECT_CONVERSION = YES_AGGRESSIVE;
				CLANG_CXX_LANGUAGE_STANDARD = "gnu++20";
				CLANG_ENABLE_MODULES = YES;
				CLANG_ENABLE_OBJC_ARC = YES;
				CLANG_ENABLE_OBJC_WEAK = YES;
				CLANG_WARN_BLOCK_CAPTURE_AUTORELEASING = YES;
				CLANG_WARN_BOOL_CONVERSION = YES;
				CLANG_WARN_COMMA = YES;
				CLANG_WARN_CONSTANT_CONVERSION = YES;
				CLANG_WARN_DEPRECATED_OBJC_IMPLEMENTATIONS = YES;
				CLANG_WARN_DIRECT_OBJC_ISA_USAGE = YES_ERROR;
				CLANG_WARN_DOCUMENTATION_COMMENTS = YES;
				CLANG_WARN_EMPTY_BODY = YES;
				CLANG_WARN_ENUM_CONVERSION = YES;
				CLANG_WARN_INFINITE_RECURSION = YES;
				CLANG_WARN_INT_CONVERSION = YES;
				CLANG_WARN_NON_LITERAL_NULL_CONVERSION = YES;
				CLANG_WARN_OBJC_IMPLICIT_RETAIN_SELF = YES;
				CLANG_WARN_OBJC_LITERAL_CONVERSION = YES;
				CLANG_WARN_OBJC_ROOT_CLASS = YES_ERROR;
				CLANG_WARN_QUOTED_INCLUDE_IN_FRAMEWORK_HEADER = YES;
				CLANG_WARN_RANGE_LOOP_ANALYSIS = YES;
				CLANG_WARN_STRICT_PROTOTYPES = YES;
				CLANG_WARN_SUSPICIOUS_MOVE = YES;
				CLANG_WARN_UNGUARDED_AVAILABILITY = YES_AGGRESSIVE;
				CLANG_WARN_UNREACHABLE_CODE = YES;
				CLANG_WARN__DUPLICATE_METHOD_MATCH = YES;
				COPY_PHASE_STRIP = NO;
				DEBUG_INFORMATION_FORMAT = dwarf;
				ENABLE_STRICT_OBJC_MSGSEND = YES;
				ENABLE_TESTABILITY = YES;
				ENABLE_USER_SCRIPT_SANDBOXING = YES;
				GCC_C_LANGUAGE_STANDARD = gnu17;
				GCC_DYNAMIC_NO_PIC = NO;
				GCC_NO_COMMON_BLOCKS = YES;
				GCC_OPTIMIZATION_LEVEL = 0;
				GCC_PREPROCESSOR_DEFINITIONS = (
					"DEBUG=1",
					"$(inherited)",
				);
				GCC_WARN_64_TO_32_BIT_CONVERSION = YES;
				GCC_WARN_ABOUT_RETURN_TYPE = YES_ERROR;
				GCC_WARN_UNDECLARED_SELECTOR = YES;
				GCC_WARN_UNINITIALIZED_AUTOS = YES_AGGRESSIVE;
				GCC_WARN_UNUSED_FUNCTION = YES;
				GCC_WARN_UNUSED_VARIABLE = YES;
				IPHONEOS_DEPLOYMENT_TARGET = 17.5;
				LOCALIZATION_PREFERS_STRING_CATALOGS = YES;
				MTL_ENABLE_DEBUG_INFO = INCLUDE_SOURCE;
				MTL_FAST_MATH = YES;
				ONLY_ACTIVE_ARCH = YES;
				SDKROOT = iphoneos;
				SWIFT_ACTIVE_COMPILATION_CONDITIONS = "DEBUG $(inherited)";
				SWIFT_OPTIMIZATION_LEVEL = "-Onone";
			};
			name = Debug;
		};
		D207D72C2C06D24D00555E53 /* Release */ = {
			isa = XCBuildConfiguration;
			buildSettings = {
				ALWAYS_SEARCH_USER_PATHS = NO;
				ASSETCATALOG_COMPILER_GENERATE_SWIFT_ASSET_SYMBOL_EXTENSIONS = YES;
				CLANG_ANALYZER_NONNULL = YES;
				CLANG_ANALYZER_NUMBER_OBJECT_CONVERSION = YES_AGGRESSIVE;
				CLANG_CXX_LANGUAGE_STANDARD = "gnu++20";
				CLANG_ENABLE_MODULES = YES;
				CLANG_ENABLE_OBJC_ARC = YES;
				CLANG_ENABLE_OBJC_WEAK = YES;
				CLANG_WARN_BLOCK_CAPTURE_AUTORELEASING = YES;
				CLANG_WARN_BOOL_CONVERSION = YES;
				CLANG_WARN_COMMA = YES;
				CLANG_WARN_CONSTANT_CONVERSION = YES;
				CLANG_WARN_DEPRECATED_OBJC_IMPLEMENTATIONS = YES;
				CLANG_WARN_DIRECT_OBJC_ISA_USAGE = YES_ERROR;
				CLANG_WARN_DOCUMENTATION_COMMENTS = YES;
				CLANG_WARN_EMPTY_BODY = YES;
				CLANG_WARN_ENUM_CONVERSION = YES;
				CLANG_WARN_INFINITE_RECURSION = YES;
				CLANG_WARN_INT_CONVERSION = YES;
				CLANG_WARN_NON_LITERAL_NULL_CONVERSION = YES;
				CLANG_WARN_OBJC_IMPLICIT_RETAIN_SELF = YES;
				CLANG_WARN_OBJC_LITERAL_CONVERSION = YES;
				CLANG_WARN_OBJC_ROOT_CLASS = YES_ERROR;
				CLANG_WARN_QUOTED_INCLUDE_IN_FRAMEWORK_HEADER = YES;
				CLANG_WARN_RANGE_LOOP_ANALYSIS = YES;
				CLANG_WARN_STRICT_PROTOTYPES = YES;
				CLANG_WARN_SUSPICIOUS_MOVE = YES;
				CLANG_WARN_UNGUARDED_AVAILABILITY = YES_AGGRESSIVE;
				CLANG_WARN_UNREACHABLE_CODE = YES;
				CLANG_WARN__DUPLICATE_METHOD_MATCH = YES;
				COPY_PHASE_STRIP = NO;
				DEBUG_INFORMATION_FORMAT = "dwarf-with-dsym";
				ENABLE_NS_ASSERTIONS = NO;
				ENABLE_STRICT_OBJC_MSGSEND = YES;
				ENABLE_USER_SCRIPT_SANDBOXING = YES;
				GCC_C_LANGUAGE_STANDARD = gnu17;
				GCC_NO_COMMON_BLOCKS = YES;
				GCC_WARN_64_TO_32_BIT_CONVERSION = YES;
				GCC_WARN_ABOUT_RETURN_TYPE = YES_ERROR;
				GCC_WARN_UNDECLARED_SELECTOR = YES;
				GCC_WARN_UNINITIALIZED_AUTOS = YES_AGGRESSIVE;
				GCC_WARN_UNUSED_FUNCTION = YES;
				GCC_WARN_UNUSED_VARIABLE = YES;
				IPHONEOS_DEPLOYMENT_TARGET = 17.5;
				LOCALIZATION_PREFERS_STRING_CATALOGS = YES;
				MTL_ENABLE_DEBUG_INFO = NO;
				MTL_FAST_MATH = YES;
				SDKROOT = iphoneos;
				SWIFT_COMPILATION_MODE = wholemodule;
				VALIDATE_PRODUCT = YES;
			};
			name = Release;
		};
		D207D72E2C06D24D00555E53 /* Debug */ = {
			isa = XCBuildConfiguration;
			buildSettings = {
				ASSETCATALOG_COMPILER_APPICON_NAME = AppIcon;
				ASSETCATALOG_COMPILER_GLOBAL_ACCENT_COLOR_NAME = AccentColor;
				CODE_SIGN_STYLE = Automatic;
				CURRENT_PROJECT_VERSION = 1;
				DEVELOPMENT_ASSET_PATHS = "\"RickAndMorty/Preview Content\"";
				DEVELOPMENT_TEAM = T64W6M4848;
				ENABLE_PREVIEWS = YES;
				GENERATE_INFOPLIST_FILE = YES;
				INFOPLIST_KEY_UIApplicationSceneManifest_Generation = YES;
				INFOPLIST_KEY_UIApplicationSupportsIndirectInputEvents = YES;
				INFOPLIST_KEY_UILaunchScreen_Generation = YES;
				INFOPLIST_KEY_UISupportedInterfaceOrientations_iPad = "UIInterfaceOrientationPortrait UIInterfaceOrientationPortraitUpsideDown UIInterfaceOrientationLandscapeLeft UIInterfaceOrientationLandscapeRight";
				INFOPLIST_KEY_UISupportedInterfaceOrientations_iPhone = "UIInterfaceOrientationPortrait UIInterfaceOrientationLandscapeLeft UIInterfaceOrientationLandscapeRight";
				LD_RUNPATH_SEARCH_PATHS = (
					"$(inherited)",
					"@executable_path/Frameworks",
				);
				MARKETING_VERSION = 1.0;
				PRODUCT_BUNDLE_IDENTIFIER = com.frangel.RickAndMorty;
				PRODUCT_NAME = "$(TARGET_NAME)";
				SWIFT_EMIT_LOC_STRINGS = YES;
				SWIFT_VERSION = 5.0;
				TARGETED_DEVICE_FAMILY = "1,2";
			};
			name = Debug;
		};
		D207D72F2C06D24D00555E53 /* Release */ = {
			isa = XCBuildConfiguration;
			buildSettings = {
				ASSETCATALOG_COMPILER_APPICON_NAME = AppIcon;
				ASSETCATALOG_COMPILER_GLOBAL_ACCENT_COLOR_NAME = AccentColor;
				CODE_SIGN_STYLE = Automatic;
				CURRENT_PROJECT_VERSION = 1;
				DEVELOPMENT_ASSET_PATHS = "\"RickAndMorty/Preview Content\"";
				DEVELOPMENT_TEAM = T64W6M4848;
				ENABLE_PREVIEWS = YES;
				GENERATE_INFOPLIST_FILE = YES;
				INFOPLIST_KEY_UIApplicationSceneManifest_Generation = YES;
				INFOPLIST_KEY_UIApplicationSupportsIndirectInputEvents = YES;
				INFOPLIST_KEY_UILaunchScreen_Generation = YES;
				INFOPLIST_KEY_UISupportedInterfaceOrientations_iPad = "UIInterfaceOrientationPortrait UIInterfaceOrientationPortraitUpsideDown UIInterfaceOrientationLandscapeLeft UIInterfaceOrientationLandscapeRight";
				INFOPLIST_KEY_UISupportedInterfaceOrientations_iPhone = "UIInterfaceOrientationPortrait UIInterfaceOrientationLandscapeLeft UIInterfaceOrientationLandscapeRight";
				LD_RUNPATH_SEARCH_PATHS = (
					"$(inherited)",
					"@executable_path/Frameworks",
				);
				MARKETING_VERSION = 1.0;
				PRODUCT_BUNDLE_IDENTIFIER = com.frangel.RickAndMorty;
				PRODUCT_NAME = "$(TARGET_NAME)";
				SWIFT_EMIT_LOC_STRINGS = YES;
				SWIFT_VERSION = 5.0;
				TARGETED_DEVICE_FAMILY = "1,2";
			};
			name = Release;
		};
/* End XCBuildConfiguration section */

/* Begin XCConfigurationList section */
		D207D71A2C06D24A00555E53 /* Build configuration list for PBXProject "RickAndMorty" */ = {
			isa = XCConfigurationList;
			buildConfigurations = (
				D207D72B2C06D24D00555E53 /* Debug */,
				D207D72C2C06D24D00555E53 /* Release */,
			);
			defaultConfigurationIsVisible = 0;
			defaultConfigurationName = Release;
		};
		D207D72D2C06D24D00555E53 /* Build configuration list for PBXNativeTarget "RickAndMorty" */ = {
			isa = XCConfigurationList;
			buildConfigurations = (
				D207D72E2C06D24D00555E53 /* Debug */,
				D207D72F2C06D24D00555E53 /* Release */,
			);
			defaultConfigurationIsVisible = 0;
			defaultConfigurationName = Release;
		};
/* End XCConfigurationList section */
	};
	rootObject = D207D7172C06D24A00555E53 /* Project object */;
}
